
Microsoft Visual Studio Solution File, Format Version 12.00
# Visual Studio 15
VisualStudioVersion = 15.0.27428.2005
MinimumVisualStudioVersion = 10.0.40219.1
Project("{9A19103F-16F7-4668-BE54-9A1E7A4F7556}") = "KodisoftTestAssignment", "KodisoftTestAssignment\KodisoftTestAssignment.csproj", "{8D661D82-2925-46A5-B44C-AAAAA1A3B075}"
EndProject
Project("{9A19103F-16F7-4668-BE54-9A1E7A4F7556}") = "UnitTests", "UnitTests\UnitTests.csproj", "{417E0C16-F810-4627-93B4-1B8815BE691F}"
EndProject
Project("{FAE04EC0-301F-11D3-BF4B-00C04F79EFBC}") = "PresentationApplication", "PresentationApplication\PresentationApplication.csproj", "{CA756301-0B38-47C0-953D-CC13BA9DFA12}"
EndProject
Global
	GlobalSection(SolutionConfigurationPlatforms) = preSolution
		Debug|Any CPU = Debug|Any CPU
		Release|Any CPU = Release|Any CPU
	EndGlobalSection
	GlobalSection(ProjectConfigurationPlatforms) = postSolution
		{8D661D82-2925-46A5-B44C-AAAAA1A3B075}.Debug|Any CPU.ActiveCfg = Debug|Any CPU
		{8D661D82-2925-46A5-B44C-AAAAA1A3B075}.Debug|Any CPU.Build.0 = Debug|Any CPU
		{8D661D82-2925-46A5-B44C-AAAAA1A3B075}.Release|Any CPU.ActiveCfg = Release|Any CPU
		{8D661D82-2925-46A5-B44C-AAAAA1A3B075}.Release|Any CPU.Build.0 = Release|Any CPU
		{417E0C16-F810-4627-93B4-1B8815BE691F}.Debug|Any CPU.ActiveCfg = Debug|Any CPU
		{417E0C16-F810-4627-93B4-1B8815BE691F}.Debug|Any CPU.Build.0 = Debug|Any CPU
		{417E0C16-F810-4627-93B4-1B8815BE691F}.Release|Any CPU.ActiveCfg = Release|Any CPU
		{417E0C16-F810-4627-93B4-1B8815BE691F}.Release|Any CPU.Build.0 = Release|Any CPU
		{CA756301-0B38-47C0-953D-CC13BA9DFA12}.Debug|Any CPU.ActiveCfg = Debug|Any CPU
		{CA756301-0B38-47C0-953D-CC13BA9DFA12}.Debug|Any CPU.Build.0 = Debug|Any CPU
		{CA756301-0B38-47C0-953D-CC13BA9DFA12}.Release|Any CPU.ActiveCfg = Release|Any CPU
		{CA756301-0B38-47C0-953D-CC13BA9DFA12}.Release|Any CPU.Build.0 = Release|Any CPU
	EndGlobalSection
	GlobalSection(SolutionProperties) = preSolution
		HideSolutionNode = FALSE
	EndGlobalSection
	GlobalSection(ExtensibilityGlobals) = postSolution
		SolutionGuid = {AB7EE3C1-5C73-4C7A-8F53-97C11853CFF2}
	EndGlobalSection
EndGlobal
